
Microsoft Visual Studio Solution File, Format Version 12.00
# Visual Studio Version 17
VisualStudioVersion = 17.4.33205.214
MinimumVisualStudioVersion = 10.0.40219.1
Project("{FAE04EC0-301F-11D3-BF4B-00C04F79EFBC}") = "Visitor Placement Tool", "Visitor Placement Tool\Visitor Placement Tool.csproj", "{9F2D461A-28CA-4D3C-B3C0-0263269BC905}"
EndProject
Project("{FAE04EC0-301F-11D3-BF4B-00C04F79EFBC}") = "Models", "Models\Models.csproj", "{3152FB5B-AA7C-4671-8CF6-225DDDF091E5}"
EndProject
Project("{FAE04EC0-301F-11D3-BF4B-00C04F79EFBC}") = "Interfaces", "Interfaces\Interfaces.csproj", "{14316583-6F55-42B5-961E-E4F9550A0BD3}"
EndProject
Project("{FAE04EC0-301F-11D3-BF4B-00C04F79EFBC}") = "DAL", "DAL\DAL.csproj", "{A89B8B9B-7615-4A42-A03E-E973C0E1244B}"
EndProject
Project("{FAE04EC0-301F-11D3-BF4B-00C04F79EFBC}") = "Logic", "Logic\Logic.csproj", "{B89F688B-1EE3-4D42-B5B5-E70F728BEFD5}"
EndProject
Global
	GlobalSection(SolutionConfigurationPlatforms) = preSolution
		Debug|Any CPU = Debug|Any CPU
		Release|Any CPU = Release|Any CPU
	EndGlobalSection
	GlobalSection(ProjectConfigurationPlatforms) = postSolution
		{9F2D461A-28CA-4D3C-B3C0-0263269BC905}.Debug|Any CPU.ActiveCfg = Debug|Any CPU
		{9F2D461A-28CA-4D3C-B3C0-0263269BC905}.Debug|Any CPU.Build.0 = Debug|Any CPU
		{9F2D461A-28CA-4D3C-B3C0-0263269BC905}.Release|Any CPU.ActiveCfg = Release|Any CPU
		{9F2D461A-28CA-4D3C-B3C0-0263269BC905}.Release|Any CPU.Build.0 = Release|Any CPU
		{3152FB5B-AA7C-4671-8CF6-225DDDF091E5}.Debug|Any CPU.ActiveCfg = Debug|Any CPU
		{3152FB5B-AA7C-4671-8CF6-225DDDF091E5}.Debug|Any CPU.Build.0 = Debug|Any CPU
		{3152FB5B-AA7C-4671-8CF6-225DDDF091E5}.Release|Any CPU.ActiveCfg = Release|Any CPU
		{3152FB5B-AA7C-4671-8CF6-225DDDF091E5}.Release|Any CPU.Build.0 = Release|Any CPU
		{14316583-6F55-42B5-961E-E4F9550A0BD3}.Debug|Any CPU.ActiveCfg = Debug|Any CPU
		{14316583-6F55-42B5-961E-E4F9550A0BD3}.Debug|Any CPU.Build.0 = Debug|Any CPU
		{14316583-6F55-42B5-961E-E4F9550A0BD3}.Release|Any CPU.ActiveCfg = Release|Any CPU
		{14316583-6F55-42B5-961E-E4F9550A0BD3}.Release|Any CPU.Build.0 = Release|Any CPU
		{A89B8B9B-7615-4A42-A03E-E973C0E1244B}.Debug|Any CPU.ActiveCfg = Debug|Any CPU
		{A89B8B9B-7615-4A42-A03E-E973C0E1244B}.Debug|Any CPU.Build.0 = Debug|Any CPU
		{A89B8B9B-7615-4A42-A03E-E973C0E1244B}.Release|Any CPU.ActiveCfg = Release|Any CPU
		{A89B8B9B-7615-4A42-A03E-E973C0E1244B}.Release|Any CPU.Build.0 = Release|Any CPU
		{B89F688B-1EE3-4D42-B5B5-E70F728BEFD5}.Debug|Any CPU.ActiveCfg = Debug|Any CPU
		{B89F688B-1EE3-4D42-B5B5-E70F728BEFD5}.Debug|Any CPU.Build.0 = Debug|Any CPU
		{B89F688B-1EE3-4D42-B5B5-E70F728BEFD5}.Release|Any CPU.ActiveCfg = Release|Any CPU
		{B89F688B-1EE3-4D42-B5B5-E70F728BEFD5}.Release|Any CPU.Build.0 = Release|Any CPU
	EndGlobalSection
	GlobalSection(SolutionProperties) = preSolution
		HideSolutionNode = FALSE
	EndGlobalSection
	GlobalSection(ExtensibilityGlobals) = postSolution
		SolutionGuid = {19B8919E-348B-42AF-BE9C-E37D840FCC9F}
	EndGlobalSection
EndGlobal
